
Microsoft Visual Studio Solution File, Format Version 12.00
# Visual Studio Version 16
VisualStudioVersion = 16.0.31424.327
MinimumVisualStudioVersion = 10.0.40219.1
Project("{FAE04EC0-301F-11D3-BF4B-00C04F79EFBC}") = "ObjectOrientedProgram", "ObjectOrientedProgram.csproj", "{09B71F2E-208F-4750-BC72-65DFE3C63980}"
EndProject
Global
	GlobalSection(SolutionConfigurationPlatforms) = preSolution
		Debug|Any CPU = Debug|Any CPU
		Release|Any CPU = Release|Any CPU
	EndGlobalSection
	GlobalSection(ProjectConfigurationPlatforms) = postSolution
		{09B71F2E-208F-4750-BC72-65DFE3C63980}.Debug|Any CPU.ActiveCfg = Debug|Any CPU
		{09B71F2E-208F-4750-BC72-65DFE3C63980}.Debug|Any CPU.Build.0 = Debug|Any CPU
		{09B71F2E-208F-4750-BC72-65DFE3C63980}.Release|Any CPU.ActiveCfg = Release|Any CPU
		{09B71F2E-208F-4750-BC72-65DFE3C63980}.Release|Any CPU.Build.0 = Release|Any CPU
	EndGlobalSection
	GlobalSection(SolutionProperties) = preSolution
		HideSolutionNode = FALSE
	EndGlobalSection
	GlobalSection(ExtensibilityGlobals) = postSolution
		SolutionGuid = {4B3CD2AB-5BF6-4B7F-9839-90A47B552132}
	EndGlobalSection
EndGlobal
